// !$*UTF8*$!
{
	archiveVersion = 1;
	classes = {
	};
	objectVersion = 46;
	objects = {

/* Begin PBXBuildFile section */
		BA9D6F121E4EE6AF00717825 /* AppDelegate.swift in Sources */ = {isa = PBXBuildFile; fileRef = BA9D6F111E4EE6AF00717825 /* AppDelegate.swift */; };
		BA9D6F171E4EE6AF00717825 /* Main.storyboard in Resources */ = {isa = PBXBuildFile; fileRef = BA9D6F151E4EE6AF00717825 /* Main.storyboard */; };
		BA9D6F191E4EE6B000717825 /* Assets.xcassets in Resources */ = {isa = PBXBuildFile; fileRef = BA9D6F181E4EE6B000717825 /* Assets.xcassets */; };
		BA9D6F1C1E4EE6B000717825 /* LaunchScreen.storyboard in Resources */ = {isa = PBXBuildFile; fileRef = BA9D6F1A1E4EE6B000717825 /* LaunchScreen.storyboard */; };
		BA9D6F241E4EEC2200717825 /* FlickerPhotosViewController.swift in Sources */ = {isa = PBXBuildFile; fileRef = BA9D6F231E4EEC2200717825 /* FlickerPhotosViewController.swift */; };
		BA9D6F281E4EEE2100717825 /* Flickr.swift in Sources */ = {isa = PBXBuildFile; fileRef = BA9D6F251E4EEE2100717825 /* Flickr.swift */; };
		BA9D6F291E4EEE2100717825 /* FlickrPhoto.swift in Sources */ = {isa = PBXBuildFile; fileRef = BA9D6F261E4EEE2100717825 /* FlickrPhoto.swift */; };
		BA9D6F2A1E4EEE2100717825 /* FlickrSearchResults.swift in Sources */ = {isa = PBXBuildFile; fileRef = BA9D6F271E4EEE2100717825 /* FlickrSearchResults.swift */; };
		BA9D6F2C1E51C7DE00717825 /* FlickrPhotoCell.swift in Sources */ = {isa = PBXBuildFile; fileRef = BA9D6F2B1E51C7DE00717825 /* FlickrPhotoCell.swift */; };
		BA9D6F2E1E51CE3700717825 /* FlickrPhotoHeaderView.swift in Sources */ = {isa = PBXBuildFile; fileRef = BA9D6F2D1E51CE3700717825 /* FlickrPhotoHeaderView.swift */; };
/* End PBXBuildFile section */

/* Begin PBXFileReference section */
		BA9D6F0E1E4EE6AF00717825 /* FlickerSearch.app */ = {isa = PBXFileReference; explicitFileType = wrapper.application; includeInIndex = 0; path = FlickerSearch.app; sourceTree = BUILT_PRODUCTS_DIR; };
		BA9D6F111E4EE6AF00717825 /* AppDelegate.swift */ = {isa = PBXFileReference; lastKnownFileType = sourcecode.swift; path = AppDelegate.swift; sourceTree = "<group>"; };
		BA9D6F161E4EE6AF00717825 /* Base */ = {isa = PBXFileReference; lastKnownFileType = file.storyboard; name = Base; path = Base.lproj/Main.storyboard; sourceTree = "<group>"; };
		BA9D6F181E4EE6B000717825 /* Assets.xcassets */ = {isa = PBXFileReference; lastKnownFileType = folder.assetcatalog; path = Assets.xcassets; sourceTree = "<group>"; };
		BA9D6F1B1E4EE6B000717825 /* Base */ = {isa = PBXFileReference; lastKnownFileType = file.storyboard; name = Base; path = Base.lproj/LaunchScreen.storyboard; sourceTree = "<group>"; };
		BA9D6F1D1E4EE6B000717825 /* Info.plist */ = {isa = PBXFileReference; lastKnownFileType = text.plist.xml; path = Info.plist; sourceTree = "<group>"; };
		BA9D6F231E4EEC2200717825 /* FlickerPhotosViewController.swift */ = {isa = PBXFileReference; fileEncoding = 4; lastKnownFileType = sourcecode.swift; path = FlickerPhotosViewController.swift; sourceTree = "<group>"; };
		BA9D6F251E4EEE2100717825 /* Flickr.swift */ = {isa = PBXFileReference; fileEncoding = 4; lastKnownFileType = sourcecode.swift; path = Flickr.swift; sourceTree = "<group>"; };
		BA9D6F261E4EEE2100717825 /* FlickrPhoto.swift */ = {isa = PBXFileReference; fileEncoding = 4; lastKnownFileType = sourcecode.swift; path = FlickrPhoto.swift; sourceTree = "<group>"; };
		BA9D6F271E4EEE2100717825 /* FlickrSearchResults.swift */ = {isa = PBXFileReference; fileEncoding = 4; lastKnownFileType = sourcecode.swift; path = FlickrSearchResults.swift; sourceTree = "<group>"; };
		BA9D6F2B1E51C7DE00717825 /* FlickrPhotoCell.swift */ = {isa = PBXFileReference; fileEncoding = 4; lastKnownFileType = sourcecode.swift; path = FlickrPhotoCell.swift; sourceTree = "<group>"; };
		BA9D6F2D1E51CE3700717825 /* FlickrPhotoHeaderView.swift */ = {isa = PBXFileReference; fileEncoding = 4; lastKnownFileType = sourcecode.swift; path = FlickrPhotoHeaderView.swift; sourceTree = "<group>"; };
/* End PBXFileReference section */

/* Begin PBXFrameworksBuildPhase section */
		BA9D6F0B1E4EE6AF00717825 /* Frameworks */ = {
			isa = PBXFrameworksBuildPhase;
			buildActionMask = 2147483647;
			files = (
			);
			runOnlyForDeploymentPostprocessing = 0;
		};
/* End PBXFrameworksBuildPhase section */

/* Begin PBXGroup section */
		BA9D6F051E4EE6AF00717825 = {
			isa = PBXGroup;
			children = (
				BA9D6F101E4EE6AF00717825 /* FlickerSearch */,
				BA9D6F0F1E4EE6AF00717825 /* Products */,
			);
			sourceTree = "<group>";
		};
		BA9D6F0F1E4EE6AF00717825 /* Products */ = {
			isa = PBXGroup;
			children = (
				BA9D6F0E1E4EE6AF00717825 /* FlickerSearch.app */,
			);
			name = Products;
			sourceTree = "<group>";
		};
		BA9D6F101E4EE6AF00717825 /* FlickerSearch */ = {
			isa = PBXGroup;
			children = (
				BA9D6F111E4EE6AF00717825 /* AppDelegate.swift */,
				BA9D6F231E4EEC2200717825 /* FlickerPhotosViewController.swift */,
				BA9D6F251E4EEE2100717825 /* Flickr.swift */,
				BA9D6F261E4EEE2100717825 /* FlickrPhoto.swift */,
				BA9D6F271E4EEE2100717825 /* FlickrSearchResults.swift */,
				BA9D6F151E4EE6AF00717825 /* Main.storyboard */,
				BA9D6F2D1E51CE3700717825 /* FlickrPhotoHeaderView.swift */,
				BA9D6F2B1E51C7DE00717825 /* FlickrPhotoCell.swift */,
				BA9D6F181E4EE6B000717825 /* Assets.xcassets */,
				BA9D6F1A1E4EE6B000717825 /* LaunchScreen.storyboard */,
				BA9D6F1D1E4EE6B000717825 /* Info.plist */,
			);
			path = FlickerSearch;
			sourceTree = "<group>";
		};
/* End PBXGroup section */

/* Begin PBXNativeTarget section */
		BA9D6F0D1E4EE6AF00717825 /* FlickerSearch */ = {
			isa = PBXNativeTarget;
			buildConfigurationList = BA9D6F201E4EE6B000717825 /* Build configuration list for PBXNativeTarget "FlickerSearch" */;
			buildPhases = (
				BA9D6F0A1E4EE6AF00717825 /* Sources */,
				BA9D6F0B1E4EE6AF00717825 /* Frameworks */,
				BA9D6F0C1E4EE6AF00717825 /* Resources */,
			);
			buildRules = (
			);
			dependencies = (
			);
			name = FlickerSearch;
			productName = FlickerSearch;
			productReference = BA9D6F0E1E4EE6AF00717825 /* FlickerSearch.app */;
			productType = "com.apple.product-type.application";
		};
/* End PBXNativeTarget section */

/* Begin PBXProject section */
		BA9D6F061E4EE6AF00717825 /* Project object */ = {
			isa = PBXProject;
			attributes = {
				LastSwiftUpdateCheck = 0810;
				LastUpgradeCheck = 0810;
				ORGANIZATIONNAME = DDRG;
				TargetAttributes = {
					BA9D6F0D1E4EE6AF00717825 = {
						CreatedOnToolsVersion = 8.1;
						ProvisioningStyle = Automatic;
					};
				};
			};
			buildConfigurationList = BA9D6F091E4EE6AF00717825 /* Build configuration list for PBXProject "FlickerSearch" */;
			compatibilityVersion = "Xcode 3.2";
			developmentRegion = English;
			hasScannedForEncodings = 0;
			knownRegions = (
				en,
				Base,
			);
			mainGroup = BA9D6F051E4EE6AF00717825;
			productRefGroup = BA9D6F0F1E4EE6AF00717825 /* Products */;
			projectDirPath = "";
			projectRoot = "";
			targets = (
				BA9D6F0D1E4EE6AF00717825 /* FlickerSearch */,
			);
		};
/* End PBXProject section */

/* Begin PBXResourcesBuildPhase section */
		BA9D6F0C1E4EE6AF00717825 /* Resources */ = {
			isa = PBXResourcesBuildPhase;
			buildActionMask = 2147483647;
			files = (
				BA9D6F1C1E4EE6B000717825 /* LaunchScreen.storyboard in Resources */,
				BA9D6F191E4EE6B000717825 /* Assets.xcassets in Resources */,
				BA9D6F171E4EE6AF00717825 /* Main.storyboard in Resources */,
			);
			runOnlyForDeploymentPostprocessing = 0;
		};
/* End PBXResourcesBuildPhase section */

/* Begin PBXSourcesBuildPhase section */
		BA9D6F0A1E4EE6AF00717825 /* Sources */ = {
			isa = PBXSourcesBuildPhase;
			buildActionMask = 2147483647;
			files = (
				BA9D6F241E4EEC2200717825 /* FlickerPhotosViewController.swift in Sources */,
				BA9D6F2A1E4EEE2100717825 /* FlickrSearchResults.swift in Sources */,
				BA9D6F281E4EEE2100717825 /* Flickr.swift in Sources */,
				BA9D6F291E4EEE2100717825 /* FlickrPhoto.swift in Sources */,
				BA9D6F121E4EE6AF00717825 /* AppDelegate.swift in Sources */,
				BA9D6F2E1E51CE3700717825 /* FlickrPhotoHeaderView.swift in Sources */,
				BA9D6F2C1E51C7DE00717825 /* FlickrPhotoCell.swift in Sources */,
			);
			runOnlyForDeploymentPostprocessing = 0;
		};
/* End PBXSourcesBuildPhase section */

/* Begin PBXVariantGroup section */
		BA9D6F151E4EE6AF00717825 /* Main.storyboard */ = {
			isa = PBXVariantGroup;
			children = (
				BA9D6F161E4EE6AF00717825 /* Base */,
			);
			name = Main.storyboard;
			sourceTree = "<group>";
		};
		BA9D6F1A1E4EE6B000717825 /* LaunchScreen.storyboard */ = {
			isa = PBXVariantGroup;
			children = (
				BA9D6F1B1E4EE6B000717825 /* Base */,
			);
			name = LaunchScreen.storyboard;
			sourceTree = "<group>";
		};
/* End PBXVariantGroup section */

/* Begin XCBuildConfiguration section */
		BA9D6F1E1E4EE6B000717825 /* Debug */ = {
			isa = XCBuildConfiguration;
			buildSettings = {
				ALWAYS_SEARCH_USER_PATHS = NO;
				CLANG_ANALYZER_NONNULL = YES;
				CLANG_CXX_LANGUAGE_STANDARD = "gnu++0x";
				CLANG_CXX_LIBRARY = "libc++";
				CLANG_ENABLE_MODULES = YES;
				CLANG_ENABLE_OBJC_ARC = YES;
				CLANG_WARN_BOOL_CONVERSION = YES;
				CLANG_WARN_CONSTANT_CONVERSION = YES;
				CLANG_WARN_DIRECT_OBJC_ISA_USAGE = YES_ERROR;
				CLANG_WARN_DOCUMENTATION_COMMENTS = YES;
				CLANG_WARN_EMPTY_BODY = YES;
				CLANG_WARN_ENUM_CONVERSION = YES;
				CLANG_WARN_INFINITE_RECURSION = YES;
				CLANG_WARN_INT_CONVERSION = YES;
				CLANG_WARN_OBJC_ROOT_CLASS = YES_ERROR;
				CLANG_WARN_SUSPICIOUS_MOVES = YES;
				CLANG_WARN_UNREACHABLE_CODE = YES;
				CLANG_WARN__DUPLICATE_METHOD_MATCH = YES;
				"CODE_SIGN_IDENTITY[sdk=iphoneos*]" = "iPhone Developer";
				COPY_PHASE_STRIP = NO;
				DEBUG_INFORMATION_FORMAT = dwarf;
				ENABLE_STRICT_OBJC_MSGSEND = YES;
				ENABLE_TESTABILITY = YES;
				GCC_C_LANGUAGE_STANDARD = gnu99;
				GCC_DYNAMIC_NO_PIC = NO;
				GCC_NO_COMMON_BLOCKS = YES;
				GCC_OPTIMIZATION_LEVEL = 0;
				GCC_PREPROCESSOR_DEFINITIONS = (
					"DEBUG=1",
					"$(inherited)",
				);
				GCC_WARN_64_TO_32_BIT_CONVERSION = YES;
				GCC_WARN_ABOUT_RETURN_TYPE = YES_ERROR;
				GCC_WARN_UNDECLARED_SELECTOR = YES;
				GCC_WARN_UNINITIALIZED_AUTOS = YES_AGGRESSIVE;
				GCC_WARN_UNUSED_FUNCTION = YES;
				GCC_WARN_UNUSED_VARIABLE = YES;
				IPHONEOS_DEPLOYMENT_TARGET = 10.1;
				MTL_ENABLE_DEBUG_INFO = YES;
				ONLY_ACTIVE_ARCH = YES;
				SDKROOT = iphoneos;
				SWIFT_ACTIVE_COMPILATION_CONDITIONS = DEBUG;
				SWIFT_OPTIMIZATION_LEVEL = "-Onone";
				TARGETED_DEVICE_FAMILY = 2;
			};
			name = Debug;
		};
		BA9D6F1F1E4EE6B000717825 /* Release */ = {
			isa = XCBuildConfiguration;
			buildSettings = {
				ALWAYS_SEARCH_USER_PATHS = NO;
				CLANG_ANALYZER_NONNULL = YES;
				CLANG_CXX_LANGUAGE_STANDARD = "gnu++0x";
				CLANG_CXX_LIBRARY = "libc++";
				CLANG_ENABLE_MODULES = YES;
				CLANG_ENABLE_OBJC_ARC = YES;
				CLANG_WARN_BOOL_CONVERSION = YES;
				CLANG_WARN_CONSTANT_CONVERSION = YES;
				CLANG_WARN_DIRECT_OBJC_ISA_USAGE = YES_ERROR;
				CLANG_WARN_DOCUMENTATION_COMMENTS = YES;
				CLANG_WARN_EMPTY_BODY = YES;
				CLANG_WARN_ENUM_CONVERSION = YES;
				CLANG_WARN_INFINITE_RECURSION = YES;
				CLANG_WARN_INT_CONVERSION = YES;
				CLANG_WARN_OBJC_ROOT_CLASS = YES_ERROR;
				CLANG_WARN_SUSPICIOUS_MOVES = YES;
				CLANG_WARN_UNREACHABLE_CODE = YES;
				CLANG_WARN__DUPLICATE_METHOD_MATCH = YES;
				"CODE_SIGN_IDENTITY[sdk=iphoneos*]" = "iPhone Developer";
				COPY_PHASE_STRIP = NO;
				DEBUG_INFORMATION_FORMAT = "dwarf-with-dsym";
				ENABLE_NS_ASSERTIONS = NO;
				ENABLE_STRICT_OBJC_MSGSEND = YES;
				GCC_C_LANGUAGE_STANDARD = gnu99;
				GCC_NO_COMMON_BLOCKS = YES;
				GCC_WARN_64_TO_32_BIT_CONVERSION = YES;
				GCC_WARN_ABOUT_RETURN_TYPE = YES_ERROR;
				GCC_WARN_UNDECLARED_SELECTOR = YES;
				GCC_WARN_UNINITIALIZED_AUTOS = YES_AGGRESSIVE;
				GCC_WARN_UNUSED_FUNCTION = YES;
				GCC_WARN_UNUSED_VARIABLE = YES;
				IPHONEOS_DEPLOYMENT_TARGET = 10.1;
				MTL_ENABLE_DEBUG_INFO = NO;
				SDKROOT = iphoneos;
				SWIFT_OPTIMIZATION_LEVEL = "-Owholemodule";
				TARGETED_DEVICE_FAMILY = 2;
				VALIDATE_PRODUCT = YES;
			};
			name = Release;
		};
		BA9D6F211E4EE6B000717825 /* Debug */ = {
			isa = XCBuildConfiguration;
			buildSettings = {
				ASSETCATALOG_COMPILER_APPICON_NAME = AppIcon;
				INFOPLIST_FILE = FlickerSearch/Info.plist;
				LD_RUNPATH_SEARCH_PATHS = "$(inherited) @executable_path/Frameworks";
				PRODUCT_BUNDLE_IDENTIFIER = com.FlickerSearch;
				PRODUCT_NAME = "$(TARGET_NAME)";
				SWIFT_VERSION = 3.0;
			};
			name = Debug;
		};
		BA9D6F221E4EE6B000717825 /* Release */ = {
			isa = XCBuildConfiguration;
			buildSettings = {
				ASSETCATALOG_COMPILER_APPICON_NAME = AppIcon;
				INFOPLIST_FILE = FlickerSearch/Info.plist;
				LD_RUNPATH_SEARCH_PATHS = "$(inherited) @executable_path/Frameworks";
				PRODUCT_BUNDLE_IDENTIFIER = com.FlickerSearch;
				PRODUCT_NAME = "$(TARGET_NAME)";
				SWIFT_VERSION = 3.0;
			};
			name = Release;
		};
/* End XCBuildConfiguration section */

/* Begin XCConfigurationList section */
		BA9D6F091E4EE6AF00717825 /* Build configuration list for PBXProject "FlickerSearch" */ = {
			isa = XCConfigurationList;
			buildConfigurations = (
				BA9D6F1E1E4EE6B000717825 /* Debug */,
				BA9D6F1F1E4EE6B000717825 /* Release */,
			);
			defaultConfigurationIsVisible = 0;
			defaultConfigurationName = Release;
		};
		BA9D6F201E4EE6B000717825 /* Build configuration list for PBXNativeTarget "FlickerSearch" */ = {
			isa = XCConfigurationList;
			buildConfigurations = (
				BA9D6F211E4EE6B000717825 /* Debug */,
				BA9D6F221E4EE6B000717825 /* Release */,
			);
			defaultConfigurationIsVisible = 0;
			defaultConfigurationName = Release;
		};
/* End XCConfigurationList section */
	};
	rootObject = BA9D6F061E4EE6AF00717825 /* Project object */;
}
